
Microsoft Visual Studio Solution File, Format Version 12.00
# Visual Studio 2013
VisualStudioVersion = 12.0.21005.1
MinimumVisualStudioVersion = 10.0.40219.1
Project("{FAE04EC0-301F-11D3-BF4B-00C04F79EFBC}") = "CertificateManager", "CertificateManager\CertificateManager.csproj", "{41839D11-0F35-4E39-95E0-648E84ECE62E}"
EndProject
Project("{FAE04EC0-301F-11D3-BF4B-00C04F79EFBC}") = "CertificateManagerTest", "CertificateManagerTest\CertificateManagerTest.csproj", "{27E2C030-D461-4362-8DD5-59C49494678C}"
	ProjectSection(ProjectDependencies) = postProject
		{41839D11-0F35-4E39-95E0-648E84ECE62E} = {41839D11-0F35-4E39-95E0-648E84ECE62E}
	EndProjectSection
EndProject
Project("{FAE04EC0-301F-11D3-BF4B-00C04F79EFBC}") = "CertificateManager.Data", "CertificateManager.Data\CertificateManager.Data.csproj", "{E7802018-0574-4481-A0F4-44EA5C69BB84}"
EndProject
Project("{FAE04EC0-301F-11D3-BF4B-00C04F79EFBC}") = "CertificateWarehouseTest", "CertificateWarehouseTest\CertificateWarehouseTest.csproj", "{8E9F42A1-0C7C-4FF0-98A3-F0FB6D6DF19B}"
EndProject
Project("{FAE04EC0-301F-11D3-BF4B-00C04F79EFBC}") = "TestUtilities", "TestUtilities\TestUtilities.csproj", "{701C16D4-A9DF-4224-A1A5-CF54A563F9E6}"
EndProject
Global
	GlobalSection(SolutionConfigurationPlatforms) = preSolution
		Debug|Any CPU = Debug|Any CPU
		Release|Any CPU = Release|Any CPU
	EndGlobalSection
	GlobalSection(ProjectConfigurationPlatforms) = postSolution
		{41839D11-0F35-4E39-95E0-648E84ECE62E}.Debug|Any CPU.ActiveCfg = Debug|Any CPU
		{41839D11-0F35-4E39-95E0-648E84ECE62E}.Debug|Any CPU.Build.0 = Debug|Any CPU
		{41839D11-0F35-4E39-95E0-648E84ECE62E}.Release|Any CPU.ActiveCfg = Release|Any CPU
		{41839D11-0F35-4E39-95E0-648E84ECE62E}.Release|Any CPU.Build.0 = Release|Any CPU
		{27E2C030-D461-4362-8DD5-59C49494678C}.Debug|Any CPU.ActiveCfg = Debug|Any CPU
		{27E2C030-D461-4362-8DD5-59C49494678C}.Debug|Any CPU.Build.0 = Debug|Any CPU
		{27E2C030-D461-4362-8DD5-59C49494678C}.Release|Any CPU.ActiveCfg = Release|Any CPU
		{27E2C030-D461-4362-8DD5-59C49494678C}.Release|Any CPU.Build.0 = Release|Any CPU
		{E7802018-0574-4481-A0F4-44EA5C69BB84}.Debug|Any CPU.ActiveCfg = Debug|Any CPU
		{E7802018-0574-4481-A0F4-44EA5C69BB84}.Debug|Any CPU.Build.0 = Debug|Any CPU
		{E7802018-0574-4481-A0F4-44EA5C69BB84}.Release|Any CPU.ActiveCfg = Release|Any CPU
		{E7802018-0574-4481-A0F4-44EA5C69BB84}.Release|Any CPU.Build.0 = Release|Any CPU
		{8E9F42A1-0C7C-4FF0-98A3-F0FB6D6DF19B}.Debug|Any CPU.ActiveCfg = Debug|Any CPU
		{8E9F42A1-0C7C-4FF0-98A3-F0FB6D6DF19B}.Debug|Any CPU.Build.0 = Debug|Any CPU
		{8E9F42A1-0C7C-4FF0-98A3-F0FB6D6DF19B}.Release|Any CPU.ActiveCfg = Release|Any CPU
		{8E9F42A1-0C7C-4FF0-98A3-F0FB6D6DF19B}.Release|Any CPU.Build.0 = Release|Any CPU
		{701C16D4-A9DF-4224-A1A5-CF54A563F9E6}.Debug|Any CPU.ActiveCfg = Debug|Any CPU
		{701C16D4-A9DF-4224-A1A5-CF54A563F9E6}.Debug|Any CPU.Build.0 = Debug|Any CPU
		{701C16D4-A9DF-4224-A1A5-CF54A563F9E6}.Release|Any CPU.ActiveCfg = Release|Any CPU
		{701C16D4-A9DF-4224-A1A5-CF54A563F9E6}.Release|Any CPU.Build.0 = Release|Any CPU
	EndGlobalSection
	GlobalSection(SolutionProperties) = preSolution
		HideSolutionNode = FALSE
	EndGlobalSection
EndGlobal
